
Microsoft Visual Studio Solution File, Format Version 12.00
# Visual Studio Version 16
VisualStudioVersion = 16.0.29020.237
MinimumVisualStudioVersion = 10.0.40219.1
Project("{FAE04EC0-301F-11D3-BF4B-00C04F79EFBC}") = "PowerSyntax", "PowerSyntax.csproj", "{CDD76A87-94DC-4B46-A298-14E02D3491C2}"
EndProject
Global
	GlobalSection(SolutionConfigurationPlatforms) = preSolution
		Debug|Any CPU = Debug|Any CPU
		Release|Any CPU = Release|Any CPU
	EndGlobalSection
	GlobalSection(ProjectConfigurationPlatforms) = postSolution
		{CDD76A87-94DC-4B46-A298-14E02D3491C2}.Debug|Any CPU.ActiveCfg = Debug|Any CPU
		{CDD76A87-94DC-4B46-A298-14E02D3491C2}.Debug|Any CPU.Build.0 = Debug|Any CPU
		{CDD76A87-94DC-4B46-A298-14E02D3491C2}.Release|Any CPU.ActiveCfg = Release|Any CPU
		{CDD76A87-94DC-4B46-A298-14E02D3491C2}.Release|Any CPU.Build.0 = Release|Any CPU
	EndGlobalSection
	GlobalSection(SolutionProperties) = preSolution
		HideSolutionNode = FALSE
	EndGlobalSection
	GlobalSection(ExtensibilityGlobals) = postSolution
		SolutionGuid = {7F8BA1CA-1BED-44DE-B9D9-6965CE004EED}
	EndGlobalSection
EndGlobal
