{
  "requires": true,
  "lockfileVersion": 1,
  "dependencies": {
    "highlight.js": {
      "version": "9.15.8",
      "resolved": "https://registry.npmjs.org/highlight.js/-/highlight.js-9.15.8.tgz",
      "integrity": "sha512-RrapkKQWwE+wKdF73VsOa2RQdIoO3mxwJ4P8mhbI6KYJUraUHRKM5w5zQQKXNk0xNL4UVRdulV9SBJcmzJNzVA=="
    }
  }
}
